// !$*UTF8*$!
{
	archiveVersion = 1;
	classes = {
	};
	objectVersion = 56;
	objects = {

/* Begin PBXBuildFile section */
		1E1247B32CA4B821000CC955 /* PageOneViewController.swift in Sources */ = {isa = PBXBuildFile; fileRef = 1E1247B22CA4B821000CC955 /* PageOneViewController.swift */; };
		1E1247B52CA4BD2A000CC955 /* PageTwoViewController.swift in Sources */ = {isa = PBXBuildFile; fileRef = 1E1247B42CA4BD2A000CC955 /* PageTwoViewController.swift */; };
		4CEE21A9DFF3B515B649CE18 /* libPods-mcp.a in Frameworks */ = {isa = PBXBuildFile; fileRef = CF793D1AEBFE3D548FC87107 /* libPods-mcp.a */; };
		4DFD885B2C56AEB7007E83BD /* AppDelegate.swift in Sources */ = {isa = PBXBuildFile; fileRef = 4DFD885A2C56AEB7007E83BD /* AppDelegate.swift */; };
		4DFD885D2C56AEB7007E83BD /* SceneDelegate.swift in Sources */ = {isa = PBXBuildFile; fileRef = 4DFD885C2C56AEB7007E83BD /* SceneDelegate.swift */; };
		4DFD885F2C56AEB7007E83BD /* ViewController.swift in Sources */ = {isa = PBXBuildFile; fileRef = 4DFD885E2C56AEB7007E83BD /* ViewController.swift */; };
		4DFD88622C56AEB7007E83BD /* Base in Resources */ = {isa = PBXBuildFile; fileRef = 4DFD88612C56AEB7007E83BD /* Base */; };
		4DFD88642C56AEB8007E83BD /* Assets.xcassets in Resources */ = {isa = PBXBuildFile; fileRef = 4DFD88632C56AEB8007E83BD /* Assets.xcassets */; };
		4DFD88672C56AEB8007E83BD /* Base in Resources */ = {isa = PBXBuildFile; fileRef = 4DFD88662C56AEB8007E83BD /* Base */; };
/* End PBXBuildFile section */

/* Begin PBXFileReference section */
		0C34581AA00695247FDE682A /* Pods-mcp.debug.xcconfig */ = {isa = PBXFileReference; includeInIndex = 1; lastKnownFileType = text.xcconfig; name = "Pods-mcp.debug.xcconfig"; path = "Target Support Files/Pods-mcp/Pods-mcp.debug.xcconfig"; sourceTree = "<group>"; };
		1E1247B22CA4B821000CC955 /* PageOneViewController.swift */ = {isa = PBXFileReference; lastKnownFileType = sourcecode.swift; path = PageOneViewController.swift; sourceTree = "<group>"; };
		1E1247B42CA4BD2A000CC955 /* PageTwoViewController.swift */ = {isa = PBXFileReference; lastKnownFileType = sourcecode.swift; path = PageTwoViewController.swift; sourceTree = "<group>"; };
		1EF5628E2CADD00B00858C37 /* README.md */ = {isa = PBXFileReference; lastKnownFileType = net.daringfireball.markdown; path = README.md; sourceTree = "<group>"; xcLanguageSpecificationIdentifier = xcode.lang.markdown; };
		1EF5628F2CAF2D6800858C37 /* license.md */ = {isa = PBXFileReference; lastKnownFileType = net.daringfireball.markdown; path = license.md; sourceTree = "<group>"; };
		4DFD88572C56AEB7007E83BD /* mcp.app */ = {isa = PBXFileReference; explicitFileType = wrapper.application; includeInIndex = 0; path = mcp.app; sourceTree = BUILT_PRODUCTS_DIR; };
		4DFD885A2C56AEB7007E83BD /* AppDelegate.swift */ = {isa = PBXFileReference; lastKnownFileType = sourcecode.swift; path = AppDelegate.swift; sourceTree = "<group>"; };
		4DFD885C2C56AEB7007E83BD /* SceneDelegate.swift */ = {isa = PBXFileReference; lastKnownFileType = sourcecode.swift; path = SceneDelegate.swift; sourceTree = "<group>"; };
		4DFD885E2C56AEB7007E83BD /* ViewController.swift */ = {isa = PBXFileReference; lastKnownFileType = sourcecode.swift; path = ViewController.swift; sourceTree = "<group>"; };
		4DFD88612C56AEB7007E83BD /* Base */ = {isa = PBXFileReference; lastKnownFileType = file.storyboard; name = Base; path = Base.lproj/Main.storyboard; sourceTree = "<group>"; };
		4DFD88632C56AEB8007E83BD /* Assets.xcassets */ = {isa = PBXFileReference; lastKnownFileType = folder.assetcatalog; path = Assets.xcassets; sourceTree = "<group>"; };
		4DFD88662C56AEB8007E83BD /* Base */ = {isa = PBXFileReference; lastKnownFileType = file.storyboard; name = Base; path = Base.lproj/LaunchScreen.storyboard; sourceTree = "<group>"; };
		4DFD88682C56AEB8007E83BD /* Info.plist */ = {isa = PBXFileReference; lastKnownFileType = text.plist.xml; path = Info.plist; sourceTree = "<group>"; };
		B06D997C0E1A642BA39C42DE /* Pods-mcp.release.xcconfig */ = {isa = PBXFileReference; includeInIndex = 1; lastKnownFileType = text.xcconfig; name = "Pods-mcp.release.xcconfig"; path = "Target Support Files/Pods-mcp/Pods-mcp.release.xcconfig"; sourceTree = "<group>"; };
		CF793D1AEBFE3D548FC87107 /* libPods-mcp.a */ = {isa = PBXFileReference; explicitFileType = archive.ar; includeInIndex = 0; path = "libPods-mcp.a"; sourceTree = BUILT_PRODUCTS_DIR; };
/* End PBXFileReference section */

/* Begin PBXFrameworksBuildPhase section */
		4DFD88542C56AEB7007E83BD /* Frameworks */ = {
			isa = PBXFrameworksBuildPhase;
			buildActionMask = 2147483647;
			files = (
				4CEE21A9DFF3B515B649CE18 /* libPods-mcp.a in Frameworks */,
			);
			runOnlyForDeploymentPostprocessing = 0;
		};
/* End PBXFrameworksBuildPhase section */

/* Begin PBXGroup section */
		115AEFBE38BD9CAADFB85729 /* Pods */ = {
			isa = PBXGroup;
			children = (
				0C34581AA00695247FDE682A /* Pods-mcp.debug.xcconfig */,
				B06D997C0E1A642BA39C42DE /* Pods-mcp.release.xcconfig */,
			);
			path = Pods;
			sourceTree = "<group>";
		};
		4DFD884E2C56AEB7007E83BD = {
			isa = PBXGroup;
			children = (
				4DFD88592C56AEB7007E83BD /* mcp */,
				4DFD88582C56AEB7007E83BD /* Products */,
				115AEFBE38BD9CAADFB85729 /* Pods */,
				547A66CC09167537CBBEC992 /* Frameworks */,
			);
			sourceTree = "<group>";
		};
		4DFD88582C56AEB7007E83BD /* Products */ = {
			isa = PBXGroup;
			children = (
				4DFD88572C56AEB7007E83BD /* mcp.app */,
			);
			name = Products;
			sourceTree = "<group>";
		};
		4DFD88592C56AEB7007E83BD /* mcp */ = {
			isa = PBXGroup;
			children = (
				4DFD885A2C56AEB7007E83BD /* AppDelegate.swift */,
				4DFD885C2C56AEB7007E83BD /* SceneDelegate.swift */,
				4DFD885E2C56AEB7007E83BD /* ViewController.swift */,
				1E1247B22CA4B821000CC955 /* PageOneViewController.swift */,
				1E1247B42CA4BD2A000CC955 /* PageTwoViewController.swift */,
				4DFD88602C56AEB7007E83BD /* Main.storyboard */,
				4DFD88652C56AEB8007E83BD /* LaunchScreen.storyboard */,
				4DFD88632C56AEB8007E83BD /* Assets.xcassets */,
				4DFD88682C56AEB8007E83BD /* Info.plist */,
				1EF5628E2CADD00B00858C37 /* README.md */,
				1EF5628F2CAF2D6800858C37 /* license.md */,
			);
			path = mcp;
			sourceTree = "<group>";
		};
		547A66CC09167537CBBEC992 /* Frameworks */ = {
			isa = PBXGroup;
			children = (
				CF793D1AEBFE3D548FC87107 /* libPods-mcp.a */,
			);
			name = Frameworks;
			sourceTree = "<group>";
		};
/* End PBXGroup section */

/* Begin PBXNativeTarget section */
		4DFD88562C56AEB7007E83BD /* mcp */ = {
			isa = PBXNativeTarget;
			buildConfigurationList = 4DFD886B2C56AEB8007E83BD /* Build configuration list for PBXNativeTarget "mcp" */;
			buildPhases = (
				FF6F25A99F30DD9BA4161220 /* [CP] Check Pods Manifest.lock */,
				4DFD88532C56AEB7007E83BD /* Sources */,
				4DFD88542C56AEB7007E83BD /* Frameworks */,
				4DFD88552C56AEB7007E83BD /* Resources */,
			);
			buildRules = (
			);
			dependencies = (
			);
			name = mcp;
			productName = mcp;
			productReference = 4DFD88572C56AEB7007E83BD /* mcp.app */;
			productType = "com.apple.product-type.application";
		};
/* End PBXNativeTarget section */

/* Begin PBXProject section */
		4DFD884F2C56AEB7007E83BD /* Project object */ = {
			isa = PBXProject;
			attributes = {
				BuildIndependentTargetsInParallel = 1;
				LastSwiftUpdateCheck = 1540;
				LastUpgradeCheck = 1540;
				TargetAttributes = {
					4DFD88562C56AEB7007E83BD = {
						CreatedOnToolsVersion = 15.4;
					};
				};
			};
			buildConfigurationList = 4DFD88522C56AEB7007E83BD /* Build configuration list for PBXProject "mcp" */;
			compatibilityVersion = "Xcode 14.0";
			developmentRegion = en;
			hasScannedForEncodings = 0;
			knownRegions = (
				en,
				Base,
			);
			mainGroup = 4DFD884E2C56AEB7007E83BD;
			productRefGroup = 4DFD88582C56AEB7007E83BD /* Products */;
			projectDirPath = "";
			projectRoot = "";
			targets = (
				4DFD88562C56AEB7007E83BD /* mcp */,
			);
		};
/* End PBXProject section */

/* Begin PBXResourcesBuildPhase section */
		4DFD88552C56AEB7007E83BD /* Resources */ = {
			isa = PBXResourcesBuildPhase;
			buildActionMask = 2147483647;
			files = (
				4DFD88642C56AEB8007E83BD /* Assets.xcassets in Resources */,
				4DFD88672C56AEB8007E83BD /* Base in Resources */,
				4DFD88622C56AEB7007E83BD /* Base in Resources */,
			);
			runOnlyForDeploymentPostprocessing = 0;
		};
/* End PBXResourcesBuildPhase section */

/* Begin PBXShellScriptBuildPhase section */
		FF6F25A99F30DD9BA4161220 /* [CP] Check Pods Manifest.lock */ = {
			isa = PBXShellScriptBuildPhase;
			buildActionMask = 2147483647;
			files = (
			);
			inputFileListPaths = (
			);
			inputPaths = (
				"${PODS_PODFILE_DIR_PATH}/Podfile.lock",
				"${PODS_ROOT}/Manifest.lock",
			);
			name = "[CP] Check Pods Manifest.lock";
			outputFileListPaths = (
			);
			outputPaths = (
				"$(DERIVED_FILE_DIR)/Pods-mcp-checkManifestLockResult.txt",
			);
			runOnlyForDeploymentPostprocessing = 0;
			shellPath = /bin/sh;
			shellScript = "diff \"${PODS_PODFILE_DIR_PATH}/Podfile.lock\" \"${PODS_ROOT}/Manifest.lock\" > /dev/null\nif [ $? != 0 ] ; then\n    # print error to STDERR\n    echo \"error: The sandbox is not in sync with the Podfile.lock. Run 'pod install' or update your CocoaPods installation.\" >&2\n    exit 1\nfi\n# This output is used by Xcode 'outputs' to avoid re-running this script phase.\necho \"SUCCESS\" > \"${SCRIPT_OUTPUT_FILE_0}\"\n";
			showEnvVarsInLog = 0;
		};
/* End PBXShellScriptBuildPhase section */

/* Begin PBXSourcesBuildPhase section */
		4DFD88532C56AEB7007E83BD /* Sources */ = {
			isa = PBXSourcesBuildPhase;
			buildActionMask = 2147483647;
			files = (
				4DFD885F2C56AEB7007E83BD /* ViewController.swift in Sources */,
				1E1247B52CA4BD2A000CC955 /* PageTwoViewController.swift in Sources */,
				4DFD885B2C56AEB7007E83BD /* AppDelegate.swift in Sources */,
				4DFD885D2C56AEB7007E83BD /* SceneDelegate.swift in Sources */,
				1E1247B32CA4B821000CC955 /* PageOneViewController.swift in Sources */,
			);
			runOnlyForDeploymentPostprocessing = 0;
		};
/* End PBXSourcesBuildPhase section */

/* Begin PBXVariantGroup section */
		4DFD88602C56AEB7007E83BD /* Main.storyboard */ = {
			isa = PBXVariantGroup;
			children = (
				4DFD88612C56AEB7007E83BD /* Base */,
			);
			name = Main.storyboard;
			sourceTree = "<group>";
		};
		4DFD88652C56AEB8007E83BD /* LaunchScreen.storyboard */ = {
			isa = PBXVariantGroup;
			children = (
				4DFD88662C56AEB8007E83BD /* Base */,
			);
			name = LaunchScreen.storyboard;
			sourceTree = "<group>";
		};
/* End PBXVariantGroup section */

/* Begin XCBuildConfiguration section */
		4DFD88692C56AEB8007E83BD /* Debug */ = {
			isa = XCBuildConfiguration;
			buildSettings = {
				ALWAYS_SEARCH_USER_PATHS = NO;
				ASSETCATALOG_COMPILER_GENERATE_SWIFT_ASSET_SYMBOL_EXTENSIONS = YES;
				CLANG_ANALYZER_NONNULL = YES;
				CLANG_ANALYZER_NUMBER_OBJECT_CONVERSION = YES_AGGRESSIVE;
				CLANG_CXX_LANGUAGE_STANDARD = "gnu++20";
				CLANG_ENABLE_MODULES = YES;
				CLANG_ENABLE_OBJC_ARC = YES;
				CLANG_ENABLE_OBJC_WEAK = YES;
				CLANG_WARN_BLOCK_CAPTURE_AUTORELEASING = YES;
				CLANG_WARN_BOOL_CONVERSION = YES;
				CLANG_WARN_COMMA = YES;
				CLANG_WARN_CONSTANT_CONVERSION = YES;
				CLANG_WARN_DEPRECATED_OBJC_IMPLEMENTATIONS = YES;
				CLANG_WARN_DIRECT_OBJC_ISA_USAGE = YES_ERROR;
				CLANG_WARN_DOCUMENTATION_COMMENTS = YES;
				CLANG_WARN_EMPTY_BODY = YES;
				CLANG_WARN_ENUM_CONVERSION = YES;
				CLANG_WARN_INFINITE_RECURSION = YES;
				CLANG_WARN_INT_CONVERSION = YES;
				CLANG_WARN_NON_LITERAL_NULL_CONVERSION = YES;
				CLANG_WARN_OBJC_IMPLICIT_RETAIN_SELF = YES;
				CLANG_WARN_OBJC_LITERAL_CONVERSION = YES;
				CLANG_WARN_OBJC_ROOT_CLASS = YES_ERROR;
				CLANG_WARN_QUOTED_INCLUDE_IN_FRAMEWORK_HEADER = YES;
				CLANG_WARN_RANGE_LOOP_ANALYSIS = YES;
				CLANG_WARN_STRICT_PROTOTYPES = YES;
				CLANG_WARN_SUSPICIOUS_MOVE = YES;
				CLANG_WARN_UNGUARDED_AVAILABILITY = YES_AGGRESSIVE;
				CLANG_WARN_UNREACHABLE_CODE = YES;
				CLANG_WARN__DUPLICATE_METHOD_MATCH = YES;
				COPY_PHASE_STRIP = NO;
				DEBUG_INFORMATION_FORMAT = dwarf;
				ENABLE_STRICT_OBJC_MSGSEND = YES;
				ENABLE_TESTABILITY = YES;
				ENABLE_USER_SCRIPT_SANDBOXING = YES;
				GCC_C_LANGUAGE_STANDARD = gnu17;
				GCC_DYNAMIC_NO_PIC = NO;
				GCC_NO_COMMON_BLOCKS = YES;
				GCC_OPTIMIZATION_LEVEL = 0;
				GCC_PREPROCESSOR_DEFINITIONS = (
					"DEBUG=1",
					"$(inherited)",
				);
				GCC_WARN_64_TO_32_BIT_CONVERSION = YES;
				GCC_WARN_ABOUT_RETURN_TYPE = YES_ERROR;
				GCC_WARN_UNDECLARED_SELECTOR = YES;
				GCC_WARN_UNINITIALIZED_AUTOS = YES_AGGRESSIVE;
				GCC_WARN_UNUSED_FUNCTION = YES;
				GCC_WARN_UNUSED_VARIABLE = YES;
				IPHONEOS_DEPLOYMENT_TARGET = 17.5;
				LOCALIZATION_PREFERS_STRING_CATALOGS = YES;
				MTL_ENABLE_DEBUG_INFO = INCLUDE_SOURCE;
				MTL_FAST_MATH = YES;
				ONLY_ACTIVE_ARCH = YES;
				PRODUCT_MODULE_NAME = "$(PRODUCT_NAME:c99extidentifier)";
				SDKROOT = iphoneos;
				SWIFT_ACTIVE_COMPILATION_CONDITIONS = "DEBUG $(inherited)";
				SWIFT_OPTIMIZATION_LEVEL = "-Onone";
			};
			name = Debug;
		};
		4DFD886A2C56AEB8007E83BD /* Release */ = {
			isa = XCBuildConfiguration;
			buildSettings = {
				ALWAYS_SEARCH_USER_PATHS = NO;
				ASSETCATALOG_COMPILER_GENERATE_SWIFT_ASSET_SYMBOL_EXTENSIONS = YES;
				CLANG_ANALYZER_NONNULL = YES;
				CLANG_ANALYZER_NUMBER_OBJECT_CONVERSION = YES_AGGRESSIVE;
				CLANG_CXX_LANGUAGE_STANDARD = "gnu++20";
				CLANG_ENABLE_MODULES = YES;
				CLANG_ENABLE_OBJC_ARC = YES;
				CLANG_ENABLE_OBJC_WEAK = YES;
				CLANG_WARN_BLOCK_CAPTURE_AUTORELEASING = YES;
				CLANG_WARN_BOOL_CONVERSION = YES;
				CLANG_WARN_COMMA = YES;
				CLANG_WARN_CONSTANT_CONVERSION = YES;
				CLANG_WARN_DEPRECATED_OBJC_IMPLEMENTATIONS = YES;
				CLANG_WARN_DIRECT_OBJC_ISA_USAGE = YES_ERROR;
				CLANG_WARN_DOCUMENTATION_COMMENTS = YES;
				CLANG_WARN_EMPTY_BODY = YES;
				CLANG_WARN_ENUM_CONVERSION = YES;
				CLANG_WARN_INFINITE_RECURSION = YES;
				CLANG_WARN_INT_CONVERSION = YES;
				CLANG_WARN_NON_LITERAL_NULL_CONVERSION = YES;
				CLANG_WARN_OBJC_IMPLICIT_RETAIN_SELF = YES;
				CLANG_WARN_OBJC_LITERAL_CONVERSION = YES;
				CLANG_WARN_OBJC_ROOT_CLASS = YES_ERROR;
				CLANG_WARN_QUOTED_INCLUDE_IN_FRAMEWORK_HEADER = YES;
				CLANG_WARN_RANGE_LOOP_ANALYSIS = YES;
				CLANG_WARN_STRICT_PROTOTYPES = YES;
				CLANG_WARN_SUSPICIOUS_MOVE = YES;
				CLANG_WARN_UNGUARDED_AVAILABILITY = YES_AGGRESSIVE;
				CLANG_WARN_UNREACHABLE_CODE = YES;
				CLANG_WARN__DUPLICATE_METHOD_MATCH = YES;
				COPY_PHASE_STRIP = NO;
				DEBUG_INFORMATION_FORMAT = "dwarf-with-dsym";
				ENABLE_NS_ASSERTIONS = NO;
				ENABLE_STRICT_OBJC_MSGSEND = YES;
				ENABLE_USER_SCRIPT_SANDBOXING = YES;
				GCC_C_LANGUAGE_STANDARD = gnu17;
				GCC_NO_COMMON_BLOCKS = YES;
				GCC_WARN_64_TO_32_BIT_CONVERSION = YES;
				GCC_WARN_ABOUT_RETURN_TYPE = YES_ERROR;
				GCC_WARN_UNDECLARED_SELECTOR = YES;
				GCC_WARN_UNINITIALIZED_AUTOS = YES_AGGRESSIVE;
				GCC_WARN_UNUSED_FUNCTION = YES;
				GCC_WARN_UNUSED_VARIABLE = YES;
				IPHONEOS_DEPLOYMENT_TARGET = 17.5;
				LOCALIZATION_PREFERS_STRING_CATALOGS = YES;
				MTL_ENABLE_DEBUG_INFO = NO;
				MTL_FAST_MATH = YES;
				SDKROOT = iphoneos;
				SWIFT_COMPILATION_MODE = wholemodule;
				VALIDATE_PRODUCT = YES;
			};
			name = Release;
		};
		4DFD886C2C56AEB8007E83BD /* Debug */ = {
			isa = XCBuildConfiguration;
			baseConfigurationReference = 0C34581AA00695247FDE682A /* Pods-mcp.debug.xcconfig */;
			buildSettings = {
				ASSETCATALOG_COMPILER_APPICON_NAME = AppIcon;
				ASSETCATALOG_COMPILER_GLOBAL_ACCENT_COLOR_NAME = AccentColor;
				CODE_SIGN_STYLE = Automatic;
				CURRENT_PROJECT_VERSION = 1;
				DEVELOPMENT_TEAM = "";
				GENERATE_INFOPLIST_FILE = YES;
				INFOPLIST_FILE = mcp/Info.plist;
				INFOPLIST_KEY_UIApplicationSupportsIndirectInputEvents = YES;
				INFOPLIST_KEY_UILaunchStoryboardName = LaunchScreen;
				INFOPLIST_KEY_UIMainStoryboardFile = Main;
				INFOPLIST_KEY_UISupportedInterfaceOrientations_iPad = "UIInterfaceOrientationPortrait UIInterfaceOrientationPortraitUpsideDown UIInterfaceOrientationLandscapeLeft UIInterfaceOrientationLandscapeRight";
				INFOPLIST_KEY_UISupportedInterfaceOrientations_iPhone = "UIInterfaceOrientationPortrait UIInterfaceOrientationLandscapeLeft UIInterfaceOrientationLandscapeRight";
				IPHONEOS_DEPLOYMENT_TARGET = 15.6;
				LD_RUNPATH_SEARCH_PATHS = (
					"$(inherited)",
					"@executable_path/Frameworks",
				);
				MARKETING_VERSION = 1.0;
				PRODUCT_BUNDLE_IDENTIFIER = com.xyz.mcp;
				PRODUCT_NAME = "$(TARGET_NAME)";
				SWIFT_EMIT_LOC_STRINGS = YES;
				SWIFT_VERSION = 5.0;
				TARGETED_DEVICE_FAMILY = "1,2";
			};
			name = Debug;
		};
		4DFD886D2C56AEB8007E83BD /* Release */ = {
			isa = XCBuildConfiguration;
			baseConfigurationReference = B06D997C0E1A642BA39C42DE /* Pods-mcp.release.xcconfig */;
			buildSettings = {
				ASSETCATALOG_COMPILER_APPICON_NAME = AppIcon;
				ASSETCATALOG_COMPILER_GLOBAL_ACCENT_COLOR_NAME = AccentColor;
				CODE_SIGN_STYLE = Automatic;
				CURRENT_PROJECT_VERSION = 1;
				DEVELOPMENT_TEAM = "";
				GENERATE_INFOPLIST_FILE = YES;
				INFOPLIST_FILE = mcp/Info.plist;
				INFOPLIST_KEY_UIApplicationSupportsIndirectInputEvents = YES;
				INFOPLIST_KEY_UILaunchStoryboardName = LaunchScreen;
				INFOPLIST_KEY_UIMainStoryboardFile = Main;
				INFOPLIST_KEY_UISupportedInterfaceOrientations_iPad = "UIInterfaceOrientationPortrait UIInterfaceOrientationPortraitUpsideDown UIInterfaceOrientationLandscapeLeft UIInterfaceOrientationLandscapeRight";
				INFOPLIST_KEY_UISupportedInterfaceOrientations_iPhone = "UIInterfaceOrientationPortrait UIInterfaceOrientationLandscapeLeft UIInterfaceOrientationLandscapeRight";
				IPHONEOS_DEPLOYMENT_TARGET = 15.6;
				LD_RUNPATH_SEARCH_PATHS = (
					"$(inherited)",
					"@executable_path/Frameworks",
				);
				MARKETING_VERSION = 1.0;
				PRODUCT_BUNDLE_IDENTIFIER = com.xyz.mcp;
				PRODUCT_NAME = "$(TARGET_NAME)";
				SWIFT_EMIT_LOC_STRINGS = YES;
				SWIFT_VERSION = 5.0;
				TARGETED_DEVICE_FAMILY = "1,2";
			};
			name = Release;
		};
/* End XCBuildConfiguration section */

/* Begin XCConfigurationList section */
		4DFD88522C56AEB7007E83BD /* Build configuration list for PBXProject "mcp" */ = {
			isa = XCConfigurationList;
			buildConfigurations = (
				4DFD88692C56AEB8007E83BD /* Debug */,
				4DFD886A2C56AEB8007E83BD /* Release */,
			);
			defaultConfigurationIsVisible = 0;
			defaultConfigurationName = Release;
		};
		4DFD886B2C56AEB8007E83BD /* Build configuration list for PBXNativeTarget "mcp" */ = {
			isa = XCConfigurationList;
			buildConfigurations = (
				4DFD886C2C56AEB8007E83BD /* Debug */,
				4DFD886D2C56AEB8007E83BD /* Release */,
			);
			defaultConfigurationIsVisible = 0;
			defaultConfigurationName = Release;
		};
/* End XCConfigurationList section */
	};
	rootObject = 4DFD884F2C56AEB7007E83BD /* Project object */;
}
